
Microsoft Visual Studio Solution File, Format Version 12.00
# Visual Studio Version 16
VisualStudioVersion = 16.0.31911.196
MinimumVisualStudioVersion = 10.0.40219.1
Project("{FAE04EC0-301F-11D3-BF4B-00C04F79EFBC}") = "AoC2", "AoC2\AoC2.csproj", "{9FA68B3F-25BC-4074-9CE9-0457FE8E671E}"
EndProject
Global
	GlobalSection(SolutionConfigurationPlatforms) = preSolution
		Debug|Any CPU = Debug|Any CPU
		Release|Any CPU = Release|Any CPU
	EndGlobalSection
	GlobalSection(ProjectConfigurationPlatforms) = postSolution
		{9FA68B3F-25BC-4074-9CE9-0457FE8E671E}.Debug|Any CPU.ActiveCfg = Debug|Any CPU
		{9FA68B3F-25BC-4074-9CE9-0457FE8E671E}.Debug|Any CPU.Build.0 = Debug|Any CPU
		{9FA68B3F-25BC-4074-9CE9-0457FE8E671E}.Release|Any CPU.ActiveCfg = Release|Any CPU
		{9FA68B3F-25BC-4074-9CE9-0457FE8E671E}.Release|Any CPU.Build.0 = Release|Any CPU
	EndGlobalSection
	GlobalSection(SolutionProperties) = preSolution
		HideSolutionNode = FALSE
	EndGlobalSection
	GlobalSection(ExtensibilityGlobals) = postSolution
		SolutionGuid = {8D2E5AFE-D7D1-420B-8DDE-7988C54FEDEC}
	EndGlobalSection
EndGlobal
